
Microsoft Visual Studio Solution File, Format Version 12.00
# Visual Studio Version 16
VisualStudioVersion = 16.0.30611.23
MinimumVisualStudioVersion = 10.0.40219.1
Project("{9A19103F-16F7-4668-BE54-9A1E7A4F7556}") = "DiplomaWork1", "DiplomaWork1\DiplomaWork1.csproj", "{72A19FA0-1398-49C4-9A0E-4EE416E15401}"
EndProject
Global
	GlobalSection(SolutionConfigurationPlatforms) = preSolution
		Debug|Any CPU = Debug|Any CPU
		Release|Any CPU = Release|Any CPU
	EndGlobalSection
	GlobalSection(ProjectConfigurationPlatforms) = postSolution
		{72A19FA0-1398-49C4-9A0E-4EE416E15401}.Debug|Any CPU.ActiveCfg = Debug|Any CPU
		{72A19FA0-1398-49C4-9A0E-4EE416E15401}.Debug|Any CPU.Build.0 = Debug|Any CPU
		{72A19FA0-1398-49C4-9A0E-4EE416E15401}.Release|Any CPU.ActiveCfg = Release|Any CPU
		{72A19FA0-1398-49C4-9A0E-4EE416E15401}.Release|Any CPU.Build.0 = Release|Any CPU
	EndGlobalSection
	GlobalSection(SolutionProperties) = preSolution
		HideSolutionNode = FALSE
	EndGlobalSection
	GlobalSection(ExtensibilityGlobals) = postSolution
		SolutionGuid = {8770AE7C-29E6-4018-AE6F-FAF4FD29419B}
	EndGlobalSection
EndGlobal
